
Microsoft Visual Studio Solution File, Format Version 12.00
# Visual Studio Version 17
VisualStudioVersion = 17.7.34024.191
MinimumVisualStudioVersion = 10.0.40219.1
Project("{FAE04EC0-301F-11D3-BF4B-00C04F79EFBC}") = "ConsoleApp2", "ConsoleApp2\ConsoleApp2.csproj", "{F220F033-C269-4514-A660-319CA0F49AB3}"
EndProject
Global
	GlobalSection(SolutionConfigurationPlatforms) = preSolution
		Debug|Any CPU = Debug|Any CPU
		Release|Any CPU = Release|Any CPU
	EndGlobalSection
	GlobalSection(ProjectConfigurationPlatforms) = postSolution
		{F220F033-C269-4514-A660-319CA0F49AB3}.Debug|Any CPU.ActiveCfg = Debug|Any CPU
		{F220F033-C269-4514-A660-319CA0F49AB3}.Debug|Any CPU.Build.0 = Debug|Any CPU
		{F220F033-C269-4514-A660-319CA0F49AB3}.Release|Any CPU.ActiveCfg = Release|Any CPU
		{F220F033-C269-4514-A660-319CA0F49AB3}.Release|Any CPU.Build.0 = Release|Any CPU
	EndGlobalSection
	GlobalSection(SolutionProperties) = preSolution
		HideSolutionNode = FALSE
	EndGlobalSection
	GlobalSection(ExtensibilityGlobals) = postSolution
		SolutionGuid = {5E36A913-1936-48BF-BC94-F9C040A59AD0}
	EndGlobalSection
EndGlobal
